
Microsoft Visual Studio Solution File, Format Version 12.00
# Visual Studio Version 17
VisualStudioVersion = 17.10.35013.160
MinimumVisualStudioVersion = 10.0.40219.1
Project("{9A19103F-16F7-4668-BE54-9A1E7A4F7556}") = "Identity.API", "Identity.API\Identity.API.csproj", "{F42E36B6-050F-433B-85F4-F7F2F2ABE09C}"
EndProject
Project("{E53339B2-1760-4266-BCC7-CA923CBCF16C}") = "docker-compose", "docker-compose.dcproj", "{D7F64DC3-4E34-42BC-80A2-9DD9A485D0E8}"
EndProject
Global
	GlobalSection(SolutionConfigurationPlatforms) = preSolution
		Debug|Any CPU = Debug|Any CPU
		Release|Any CPU = Release|Any CPU
	EndGlobalSection
	GlobalSection(ProjectConfigurationPlatforms) = postSolution
		{F42E36B6-050F-433B-85F4-F7F2F2ABE09C}.Debug|Any CPU.ActiveCfg = Debug|Any CPU
		{F42E36B6-050F-433B-85F4-F7F2F2ABE09C}.Debug|Any CPU.Build.0 = Debug|Any CPU
		{F42E36B6-050F-433B-85F4-F7F2F2ABE09C}.Release|Any CPU.ActiveCfg = Release|Any CPU
		{F42E36B6-050F-433B-85F4-F7F2F2ABE09C}.Release|Any CPU.Build.0 = Release|Any CPU
		{D7F64DC3-4E34-42BC-80A2-9DD9A485D0E8}.Debug|Any CPU.ActiveCfg = Debug|Any CPU
		{D7F64DC3-4E34-42BC-80A2-9DD9A485D0E8}.Debug|Any CPU.Build.0 = Debug|Any CPU
		{D7F64DC3-4E34-42BC-80A2-9DD9A485D0E8}.Release|Any CPU.ActiveCfg = Release|Any CPU
		{D7F64DC3-4E34-42BC-80A2-9DD9A485D0E8}.Release|Any CPU.Build.0 = Release|Any CPU
	EndGlobalSection
	GlobalSection(SolutionProperties) = preSolution
		HideSolutionNode = FALSE
	EndGlobalSection
	GlobalSection(ExtensibilityGlobals) = postSolution
		SolutionGuid = {E7EF6602-1153-4BB5-B786-A6A0D507F516}
	EndGlobalSection
EndGlobal
